{
  "name": "badgehub-api",
  "version": "1.0.0",
  "lockfileVersion": 3,
  "requires": true,
  "packages": {
    "": {
      "name": "badgehub-api",
      "version": "1.0.0",
      "license": "ISC",
      "dependencies": {
        "@ts-rest/core": "^3.52.1",
        "typescript": "^5.8.3",
        "zod": "^3.25.42"
      }
    },
    "node_modules/@ts-rest/core": {
      "version": "3.52.1",
      "resolved": "https://registry.npmjs.org/@ts-rest/core/-/core-3.52.1.tgz",
      "integrity": "sha512-tAjz7Kxq/grJodcTA1Anop4AVRDlD40fkksEV5Mmal88VoZeRKAG8oMHsDwdwPZz+B/zgnz0q2sF+cm5M7Bc7g==",
      "license": "MIT",
      "peerDependencies": {
        "@types/node": "^18.18.7 || >=20.8.4",
        "zod": "^3.22.3"
      },
      "peerDependenciesMeta": {
        "@types/node": {
          "optional": true
        },
        "zod": {
          "optional": true
        }
      }
    },
    "node_modules/typescript": {
      "version": "5.8.3",
      "resolved": "https://registry.npmjs.org/typescript/-/typescript-5.8.3.tgz",
      "integrity": "sha512-p1diW6TqL9L07nNxvRMM7hMMw4c5XOo/1ibL4aAIGmSAt9slTE1Xgw5KWuof2uTOvCg9BY7ZRi+GaF+7sfgPeQ==",
      "license": "Apache-2.0",
      "bin": {
        "tsc": "bin/tsc",
        "tsserver": "bin/tsserver"
      },
      "engines": {
        "node": ">=14.17"
      }
    },
    "node_modules/zod": {
      "version": "3.25.42",
      "resolved": "https://registry.npmjs.org/zod/-/zod-3.25.42.tgz",
      "integrity": "sha512-PcALTLskaucbeHc41tU/xfjfhcz8z0GdhhDcSgrCTmSazUuqnYqiXO63M0QUBVwpBlsLsNVn5qHSC5Dw3KZvaQ==",
      "license": "MIT",
      "funding": {
        "url": "https://github.com/sponsors/colinhacks"
      }
    }
  }
}
